
Microsoft Visual Studio Solution File, Format Version 12.00
# Visual Studio Version 17
VisualStudioVersion = 17.7.34018.315
MinimumVisualStudioVersion = 10.0.40219.1
Project("{9A19103F-16F7-4668-BE54-9A1E7A4F7556}") = "ChallengeApp", "ChallengeApp\ChallengeApp.csproj", "{A3199322-BB6C-454F-9CE5-BC641AF97A10}"
EndProject
Project("{FAE04EC0-301F-11D3-BF4B-00C04F79EFBC}") = "ChallengeApp.Tests", "ChallengeApp.Tests\ChallengeApp.Tests.csproj", "{3E4C3A9B-70FC-41EF-A4AD-D970D0D435B7}"
EndProject
Global
	GlobalSection(SolutionConfigurationPlatforms) = preSolution
		Debug|Any CPU = Debug|Any CPU
		Release|Any CPU = Release|Any CPU
	EndGlobalSection
	GlobalSection(ProjectConfigurationPlatforms) = postSolution
		{A3199322-BB6C-454F-9CE5-BC641AF97A10}.Debug|Any CPU.ActiveCfg = Debug|Any CPU
		{A3199322-BB6C-454F-9CE5-BC641AF97A10}.Debug|Any CPU.Build.0 = Debug|Any CPU
		{A3199322-BB6C-454F-9CE5-BC641AF97A10}.Release|Any CPU.ActiveCfg = Release|Any CPU
		{A3199322-BB6C-454F-9CE5-BC641AF97A10}.Release|Any CPU.Build.0 = Release|Any CPU
		{3E4C3A9B-70FC-41EF-A4AD-D970D0D435B7}.Debug|Any CPU.ActiveCfg = Debug|Any CPU
		{3E4C3A9B-70FC-41EF-A4AD-D970D0D435B7}.Debug|Any CPU.Build.0 = Debug|Any CPU
		{3E4C3A9B-70FC-41EF-A4AD-D970D0D435B7}.Release|Any CPU.ActiveCfg = Release|Any CPU
		{3E4C3A9B-70FC-41EF-A4AD-D970D0D435B7}.Release|Any CPU.Build.0 = Release|Any CPU
	EndGlobalSection
	GlobalSection(SolutionProperties) = preSolution
		HideSolutionNode = FALSE
	EndGlobalSection
	GlobalSection(ExtensibilityGlobals) = postSolution
		SolutionGuid = {F64F402F-F122-42E6-861B-495F7C33FC5A}
	EndGlobalSection
EndGlobal
